# THIS IS AN AUTOGENERATED FILE. DO NOT EDIT THIS FILE DIRECTLY.
# yarn lockfile v1


"@vtex/prettier-config@^0.3.1":
  version "0.3.1"
  resolved "https://registry.yarnpkg.com/@vtex/prettier-config/-/prettier-config-0.3.1.tgz#c376999e826827aa11f4b0e08af9cf59ae9ee476"
  integrity sha512-B2tvaxrWXAzF2iSaRpQaw88kxq1lGC7/DSOBuGOn9225wNrF5g6D6NNky4/TZomv0NJTgO8tIT59ftbTHgMxXg==
