# THIS IS AN AUTOGENERATED FILE. DO NOT EDIT THIS FILE DIRECTLY.
# yarn lockfile v1


"vtex.add-to-cart-button@http://vtex.vtexassets.com/_v/public/typings/v1/vtex.add-to-cart-button@0.13.5/public/@types/vtex.add-to-cart-button":
  version "0.13.5"
  resolved "http://vtex.vtexassets.com/_v/public/typings/v1/vtex.add-to-cart-button@0.13.5/public/@types/vtex.add-to-cart-button#bf978dbe105da2b323e682393864723317eccd1d"

"vtex.breadcrumb@http://vtex.vtexassets.com/_v/public/typings/v1/vtex.breadcrumb@1.9.0/public/@types/vtex.breadcrumb":
  version "1.9.0"
  resolved "http://vtex.vtexassets.com/_v/public/typings/v1/vtex.breadcrumb@1.9.0/public/@types/vtex.breadcrumb#f77ae67745b1c862f40e781c8416e69239c8f06f"

"vtex.carousel@http://vtex.vtexassets.com/_v/public/typings/v1/vtex.carousel@2.12.1/public/@types/vtex.carousel":
  version "2.12.1"
  resolved "http://vtex.vtexassets.com/_v/public/typings/v1/vtex.carousel@2.12.1/public/@types/vtex.carousel#f99139a9d22227fa239192a058defd13f8cc50be"

"vtex.checkout-summary@http://vtex.vtexassets.com/_v/public/typings/v1/vtex.checkout-summary@0.16.0/public/@types/vtex.checkout-summary":
  version "0.16.0"
  resolved "http://vtex.vtexassets.com/_v/public/typings/v1/vtex.checkout-summary@0.16.0/public/@types/vtex.checkout-summary#54dc38ce378a55418e4892040ca54a8edf8ffd10"

"vtex.flex-layout@http://vtex.vtexassets.com/_v/public/typings/v1/vtex.flex-layout@0.15.0/public/@types/vtex.flex-layout":
  version "0.15.0"
  resolved "http://vtex.vtexassets.com/_v/public/typings/v1/vtex.flex-layout@0.15.0/public/@types/vtex.flex-layout#3296ce5096fedabb5d899d4a6d2da51811b97528"

"vtex.locale-switcher@http://vtex.vtexassets.com/_v/public/typings/v1/vtex.locale-switcher@0.5.5/public/@types/vtex.locale-switcher":
  version "0.5.5"
  resolved "http://vtex.vtexassets.com/_v/public/typings/v1/vtex.locale-switcher@0.5.5/public/@types/vtex.locale-switcher#c07555ef8aef2e6b635a4c6b5f7b421930e1eda6"

"vtex.login@http://vtex.vtexassets.com/_v/public/typings/v1/vtex.login@2.36.1/public/_types/react":
  version "0.0.0"
  resolved "http://vtex.vtexassets.com/_v/public/typings/v1/vtex.login@2.36.1/public/_types/react#fa7a0347e046eab3dd768998fc9252b2c0dd5aef"

"vtex.menu@https://virtual2--storecomponents.myvtex.com/_v/private/typings/linked/v1/vtex.menu@2.25.0+build1597947385/public/@types/vtex.menu":
  version "2.25.0"
  resolved "https://virtual2--storecomponents.myvtex.com/_v/private/typings/linked/v1/vtex.menu@2.25.0+build1597947385/public/@types/vtex.menu#1715159e690e5edaacac6db9c3ec4554bce2c691"

"vtex.minicart@http://vtex.vtexassets.com/_v/public/typings/v1/vtex.minicart@2.50.0/public/@types/vtex.minicart":
  version "2.50.0"
  resolved "http://vtex.vtexassets.com/_v/public/typings/v1/vtex.minicart@2.50.0/public/@types/vtex.minicart#f945af6c43f2eecbf2c128ebd07ceb4a464f4655"

"vtex.modal-layout@http://vtex.vtexassets.com/_v/public/typings/v1/vtex.modal-layout@0.6.1/public/@types/vtex.modal-layout":
  version "0.6.1"
  resolved "http://vtex.vtexassets.com/_v/public/typings/v1/vtex.modal-layout@0.6.1/public/@types/vtex.modal-layout#ead66226162ff42903dab3b54bc4f38f43e7c67c"

"vtex.my-account@http://vtex.vtexassets.com/_v/public/typings/v1/vtex.my-account@1.17.0/public/@types/vtex.my-account":
  version "1.17.0"
  resolved "http://vtex.vtexassets.com/_v/public/typings/v1/vtex.my-account@1.17.0/public/@types/vtex.my-account#792f6c94d29b80c854446e85a199042bd3153211"

"vtex.order-placed@http://vtex.vtexassets.com/_v/public/typings/v1/vtex.order-placed@1.7.3/public/@types/vtex.order-placed":
  version "1.7.3"
  resolved "http://vtex.vtexassets.com/_v/public/typings/v1/vtex.order-placed@1.7.3/public/@types/vtex.order-placed#b8c941892364eea7bea3874236bc588fd3dbb683"

"vtex.product-bookmark-interfaces@http://vtex.vtexassets.com/_v/public/typings/v1/vtex.product-bookmark-interfaces@1.0.1/public/@types/vtex.product-bookmark-interfaces":
  version "1.0.1"
  resolved "http://vtex.vtexassets.com/_v/public/typings/v1/vtex.product-bookmark-interfaces@1.0.1/public/@types/vtex.product-bookmark-interfaces#2c26815e4afa45b2e254a23e5abb356424bb09e7"

"vtex.product-customizer@http://vtex.vtexassets.com/_v/public/typings/v1/vtex.product-customizer@2.9.0/public/@types/vtex.product-customizer":
  version "2.9.0"
  resolved "http://vtex.vtexassets.com/_v/public/typings/v1/vtex.product-customizer@2.9.0/public/@types/vtex.product-customizer#563bd83a9791186d00e412cf7324050c8645f566"

"vtex.product-details@http://vtex.vtexassets.com/_v/public/typings/v1/vtex.product-details@1.19.10/public/_types/react":
  version "0.0.0"
  resolved "http://vtex.vtexassets.com/_v/public/typings/v1/vtex.product-details@1.19.10/public/_types/react#fa7a0347e046eab3dd768998fc9252b2c0dd5aef"

"vtex.product-gifts@http://vtex.vtexassets.com/_v/public/typings/v1/vtex.product-gifts@0.2.1/public/@types/vtex.product-gifts":
  version "0.2.1"
  resolved "http://vtex.vtexassets.com/_v/public/typings/v1/vtex.product-gifts@0.2.1/public/@types/vtex.product-gifts#4ed40e9ed78fab632d8792895e7cbb934449b459"

"vtex.product-identifier@http://vtex.vtexassets.com/_v/public/typings/v1/vtex.product-identifier@0.1.2/public/@types/vtex.product-identifier":
  version "0.1.2"
  resolved "http://vtex.vtexassets.com/_v/public/typings/v1/vtex.product-identifier@0.1.2/public/@types/vtex.product-identifier#e5f249136a1e1d54eae5f5c2bf512144a0f67477"

"vtex.product-kit@http://vtex.vtexassets.com/_v/public/typings/v1/vtex.product-kit@1.10.1/public/_types/react":
  version "0.0.0"
  resolved "http://vtex.vtexassets.com/_v/public/typings/v1/vtex.product-kit@1.10.1/public/_types/react#fa7a0347e046eab3dd768998fc9252b2c0dd5aef"

"vtex.product-list@http://vtex.vtexassets.com/_v/public/typings/v1/vtex.product-list@0.21.0/public/@types/vtex.product-list":
  version "0.21.0"
  resolved "http://vtex.vtexassets.com/_v/public/typings/v1/vtex.product-list@0.21.0/public/@types/vtex.product-list#4afc1bb91082204c93f1f810e7e1f31651b207f0"

"vtex.product-price@http://vtex.vtexassets.com/_v/public/typings/v1/vtex.product-price@1.5.3/public/@types/vtex.product-price":
  version "1.5.3"
  resolved "http://vtex.vtexassets.com/_v/public/typings/v1/vtex.product-price@1.5.3/public/@types/vtex.product-price#23a4dc26dd4055f8cdef64a66bae747f3af33c94"

"vtex.product-quantity@http://vtex.vtexassets.com/_v/public/typings/v1/vtex.product-quantity@1.4.1/public/@types/vtex.product-quantity":
  version "1.4.1"
  resolved "http://vtex.vtexassets.com/_v/public/typings/v1/vtex.product-quantity@1.4.1/public/@types/vtex.product-quantity#76166673a361ae6cda95aa5fa6068db56c16c78b"

"vtex.product-review-interfaces@http://vtex.vtexassets.com/_v/public/typings/v1/vtex.product-review-interfaces@1.0.2/public/_types/react":
  version "1.0.2"
  resolved "http://vtex.vtexassets.com/_v/public/typings/v1/vtex.product-review-interfaces@1.0.2/public/_types/react#84d1997cdae079d1401611f3d4a4619ed914673f"

"vtex.product-specification-badges@http://vtex.vtexassets.com/_v/public/typings/v1/vtex.product-specification-badges@0.1.2/public/@types/vtex.product-specification-badges":
  version "0.1.2"
  resolved "http://vtex.vtexassets.com/_v/public/typings/v1/vtex.product-specification-badges@0.1.2/public/@types/vtex.product-specification-badges#5bf4e90216e7d9a6c2205d7c00ee8ef4da1ddb52"

"vtex.product-summary@https://virtual2--storecomponents.myvtex.com/_v/private/typings/linked/v1/vtex.product-summary@2.58.3+build1597960165/public/_types/react":
  version "0.0.0"
  resolved "https://virtual2--storecomponents.myvtex.com/_v/private/typings/linked/v1/vtex.product-summary@2.58.3+build1597960165/public/_types/react#fa7a0347e046eab3dd768998fc9252b2c0dd5aef"

"vtex.render-runtime@http://vtex.vtexassets.com/_v/public/typings/v1/vtex.render-runtime@8.112.0/public/@types/vtex.render-runtime":
  version "8.112.0"
  resolved "http://vtex.vtexassets.com/_v/public/typings/v1/vtex.render-runtime@8.112.0/public/@types/vtex.render-runtime#d24f7d970497a80e1e38864db09bbe5da61e0696"

"vtex.reviews-and-ratings@http://vtex.vtexassets.com/_v/public/typings/v1/vtex.reviews-and-ratings@1.6.2/public/@types/vtex.reviews-and-ratings":
  version "1.6.2"
  resolved "http://vtex.vtexassets.com/_v/public/typings/v1/vtex.reviews-and-ratings@1.6.2/public/@types/vtex.reviews-and-ratings#68f4238c452397b82316e392f2f6b02613f75d3e"

"vtex.rich-text@http://vtex.vtexassets.com/_v/public/typings/v1/vtex.rich-text@0.10.2/public/@types/vtex.rich-text":
  version "0.10.2"
  resolved "http://vtex.vtexassets.com/_v/public/typings/v1/vtex.rich-text@0.10.2/public/@types/vtex.rich-text#d372d3d25d02ade63cfb51732599b8a00ecf40bd"

"vtex.search-result@http://vtex.vtexassets.com/_v/public/typings/v1/vtex.search-result@3.69.1/public/_types/react":
  version "0.0.0"
  resolved "http://vtex.vtexassets.com/_v/public/typings/v1/vtex.search-result@3.69.1/public/_types/react#fa7a0347e046eab3dd768998fc9252b2c0dd5aef"

"vtex.shelf@http://vtex.vtexassets.com/_v/public/typings/v1/vtex.shelf@1.41.1/public/_types/react":
  version "0.0.0"
  resolved "http://vtex.vtexassets.com/_v/public/typings/v1/vtex.shelf@1.41.1/public/_types/react#fa7a0347e046eab3dd768998fc9252b2c0dd5aef"

"vtex.slider-layout@http://vtex.vtexassets.com/_v/public/typings/v1/vtex.slider-layout@0.14.0/public/@types/vtex.slider-layout":
  version "0.14.0"
  resolved "http://vtex.vtexassets.com/_v/public/typings/v1/vtex.slider-layout@0.14.0/public/@types/vtex.slider-layout#eab273429a451640f3e72411fdf79664a639e8bc"

"vtex.slider@http://vtex.vtexassets.com/_v/public/typings/v1/vtex.slider@0.8.2/public/_types/react":
  version "0.0.0"
  resolved "http://vtex.vtexassets.com/_v/public/typings/v1/vtex.slider@0.8.2/public/_types/react#fa7a0347e046eab3dd768998fc9252b2c0dd5aef"

"vtex.stack-layout@http://vtex.vtexassets.com/_v/public/typings/v1/vtex.stack-layout@0.1.0/public/@types/vtex.stack-layout":
  version "0.1.0"
  resolved "http://vtex.vtexassets.com/_v/public/typings/v1/vtex.stack-layout@0.1.0/public/@types/vtex.stack-layout#79bcd9f70b4b6926b85686be14879a3b90d52c63"

"vtex.sticky-layout@http://vtex.vtexassets.com/_v/public/typings/v1/vtex.sticky-layout@0.3.4/public/@types/vtex.sticky-layout":
  version "0.3.4"
  resolved "http://vtex.vtexassets.com/_v/public/typings/v1/vtex.sticky-layout@0.3.4/public/@types/vtex.sticky-layout#5b786d6f9ab0a40e4997c955a75885eee32515ef"

"vtex.store-components@http://vtex.vtexassets.com/_v/public/typings/v1/vtex.store-components@3.123.4/public/_types/react":
  version "0.0.0"
  resolved "http://vtex.vtexassets.com/_v/public/typings/v1/vtex.store-components@3.123.4/public/_types/react#fa7a0347e046eab3dd768998fc9252b2c0dd5aef"

"vtex.store-drawer@http://vtex.vtexassets.com/_v/public/typings/v1/vtex.store-drawer@0.13.0/public/@types/vtex.store-drawer":
  version "0.13.0"
  resolved "http://vtex.vtexassets.com/_v/public/typings/v1/vtex.store-drawer@0.13.0/public/@types/vtex.store-drawer#ecbaa30903db7a024079cb0768d82f4e1f412724"

"vtex.store-footer@http://vtex.vtexassets.com/_v/public/typings/v1/vtex.store-footer@2.20.1/public/@types/vtex.store-footer":
  version "2.20.1"
  resolved "http://vtex.vtexassets.com/_v/public/typings/v1/vtex.store-footer@2.20.1/public/@types/vtex.store-footer#bfbbc163056efea6853b2b1c0649f7b00c6d9ee1"

"vtex.store-header@http://vtex.vtexassets.com/_v/public/typings/v1/vtex.store-header@2.25.5/public/_types/react":
  version "0.0.0"
  resolved "http://vtex.vtexassets.com/_v/public/typings/v1/vtex.store-header@2.25.5/public/_types/react#fa7a0347e046eab3dd768998fc9252b2c0dd5aef"

"vtex.store-icons@http://vtex.vtexassets.com/_v/public/typings/v1/vtex.store-icons@0.17.0/public/@types/vtex.store-icons":
  version "0.17.0"
  resolved "http://vtex.vtexassets.com/_v/public/typings/v1/vtex.store-icons@0.17.0/public/@types/vtex.store-icons#1da7ec2f89522d8c5ed3418fec8fbc82817499db"

"vtex.store-image@http://vtex.vtexassets.com/_v/public/typings/v1/vtex.store-image@0.5.0/public/@types/vtex.store-image":
  version "0.5.0"
  resolved "http://vtex.vtexassets.com/_v/public/typings/v1/vtex.store-image@0.5.0/public/@types/vtex.store-image#2b129b3601c54c2f0b40d3e32be0596c767d8b00"

"vtex.store-link@http://vtex.vtexassets.com/_v/public/typings/v1/vtex.store-link@0.6.2/public/@types/vtex.store-link":
  version "0.6.2"
  resolved "http://vtex.vtexassets.com/_v/public/typings/v1/vtex.store-link@0.6.2/public/@types/vtex.store-link#51a5d6f4b9587e85d472b1483b076bd3fdf682b6"

"vtex.store@http://vtex.vtexassets.com/_v/public/typings/v1/vtex.store@2.101.0/public/@types/vtex.store":
  version "2.101.0"
  resolved "http://vtex.vtexassets.com/_v/public/typings/v1/vtex.store@2.101.0/public/@types/vtex.store#3d07258e8c25e6b0662c7cef2560fe197b4a4b15"

"vtex.styleguide@http://vtex.vtexassets.com/_v/public/typings/v1/vtex.styleguide@9.127.0/public/@types/vtex.styleguide":
  version "9.127.0"
  resolved "http://vtex.vtexassets.com/_v/public/typings/v1/vtex.styleguide@9.127.0/public/@types/vtex.styleguide#87029c5b7325c56e5461601132299261c1452a35"

"vtex.telemarketing@http://vtex.vtexassets.com/_v/public/typings/v1/vtex.telemarketing@2.10.2/public/@types/vtex.telemarketing":
  version "2.10.2"
  resolved "http://vtex.vtexassets.com/_v/public/typings/v1/vtex.telemarketing@2.10.2/public/@types/vtex.telemarketing#618f97a1cc0af09b5809cf2f4561cc19b9189cef"
