# THIS IS AN AUTOGENERATED FILE. DO NOT EDIT THIS FILE DIRECTLY.
# yarn lockfile v1


"@jest/types@^25.5.0":
  version "25.5.0"
  resolved "https://registry.yarnpkg.com/@jest/types/-/types-25.5.0.tgz#4d6a4793f7b9599fc3680877b856a97dbccf2a9d"
  integrity sha512-OXD0RgQ86Tu3MazKo8bnrkDRaDXXMGUqd+kTtLtK1Zb7CRzQcaSRPPPV37SvYTdevXEBVxe0HXylEjs8ibkmCw==
  dependencies:
    "@types/istanbul-lib-coverage" "^2.0.0"
    "@types/istanbul-reports" "^1.1.1"
    "@types/yargs" "^15.0.0"
    chalk "^3.0.0"

"@types/color-name@^1.1.1":
  version "1.1.1"
  resolved "https://registry.yarnpkg.com/@types/color-name/-/color-name-1.1.1.tgz#1c1261bbeaa10a8055bbc5d8ab84b7b2afc846a0"
  integrity sha512-rr+OQyAjxze7GgWrSaJwydHStIhHq2lvY3BOC2Mj7KnzI7XK0Uw1TOOdI9lDoajEbSWLiYgoo4f1R51erQfhPQ==

"@types/graphql@^14.5.0":
  version "14.5.0"
  resolved "https://registry.yarnpkg.com/@types/graphql/-/graphql-14.5.0.tgz#a545fb3bc8013a3547cf2f07f5e13a33642b75d6"
  integrity sha512-MOkzsEp1Jk5bXuAsHsUi6BVv0zCO+7/2PTiZMXWDSsMXvNU6w/PLMQT2vHn8hy2i0JqojPz1Sz6rsFjHtsU0lA==
  dependencies:
    graphql "*"

"@types/istanbul-lib-coverage@*", "@types/istanbul-lib-coverage@^2.0.0":
  version "2.0.3"
  resolved "https://registry.yarnpkg.com/@types/istanbul-lib-coverage/-/istanbul-lib-coverage-2.0.3.tgz#4ba8ddb720221f432e443bd5f9117fd22cfd4762"
  integrity sha512-sz7iLqvVUg1gIedBOvlkxPlc8/uVzyS5OwGz1cKjXzkl3FpL3al0crU8YGU1WoHkxn0Wxbw5tyi6hvzJKNzFsw==

"@types/istanbul-lib-report@*":
  version "3.0.0"
  resolved "https://registry.yarnpkg.com/@types/istanbul-lib-report/-/istanbul-lib-report-3.0.0.tgz#c14c24f18ea8190c118ee7562b7ff99a36552686"
  integrity sha512-plGgXAPfVKFoYfa9NpYDAkseG+g6Jr294RqeqcqDixSbU34MZVJRi/P+7Y8GDpzkEwLaGZZOpKIEmeVZNtKsrg==
  dependencies:
    "@types/istanbul-lib-coverage" "*"

"@types/istanbul-reports@^1.1.1":
  version "1.1.2"
  resolved "https://registry.yarnpkg.com/@types/istanbul-reports/-/istanbul-reports-1.1.2.tgz#e875cc689e47bce549ec81f3df5e6f6f11cfaeb2"
  integrity sha512-P/W9yOX/3oPZSpaYOCQzGqgCQRXn0FFO/V8bWrCQs+wLmvVVxk6CRBXALEvNs9OHIatlnlFokfhuDo2ug01ciw==
  dependencies:
    "@types/istanbul-lib-coverage" "*"
    "@types/istanbul-lib-report" "*"

"@types/jest@^26.0.9":
  version "26.0.9"
  resolved "https://registry.yarnpkg.com/@types/jest/-/jest-26.0.9.tgz#0543b57da5f0cd949c5f423a00c56c492289c989"
  integrity sha512-k4qFfJ5AUKrWok5KYXp2EPm89b0P/KZpl7Vg4XuOTVVQEhLDBDBU3iBFrjjdgd8fLw96aAtmnwhXHl63bWeBQQ==
  dependencies:
    jest-diff "^25.2.1"
    pretty-format "^25.2.1"

"@types/node@^14.0.27":
  version "14.0.27"
  resolved "https://registry.yarnpkg.com/@types/node/-/node-14.0.27.tgz#a151873af5a5e851b51b3b065c9e63390a9e0eb1"
  integrity sha512-kVrqXhbclHNHGu9ztnAwSncIgJv/FaxmzXJvGXNdcCpV1b8u1/Mi6z6m0vwy0LzKeXFTPLH0NzwmoJ3fNCIq0g==

"@types/prop-types@*":
  version "15.7.3"
  resolved "https://registry.yarnpkg.com/@types/prop-types/-/prop-types-15.7.3.tgz#2ab0d5da2e5815f94b0b9d4b95d1e5f243ab2ca7"
  integrity sha512-KfRL3PuHmqQLOG+2tGpRO26Ctg+Cq1E01D2DMriKEATHgWLfeNDmq9e29Q9WIky0dQ3NPkd1mzYH8Lm936Z9qw==

"@types/react@^16.9.46":
  version "16.9.46"
  resolved "https://registry.yarnpkg.com/@types/react/-/react-16.9.46.tgz#f0326cd7adceda74148baa9bff6e918632f5069e"
  integrity sha512-dbHzO3aAq1lB3jRQuNpuZ/mnu+CdD3H0WVaaBQA8LTT3S33xhVBUj232T8M3tAhSWJs/D/UqORYUlJNl/8VQZg==
  dependencies:
    "@types/prop-types" "*"
    csstype "^3.0.2"

"@types/yargs-parser@*":
  version "15.0.0"
  resolved "https://registry.yarnpkg.com/@types/yargs-parser/-/yargs-parser-15.0.0.tgz#cb3f9f741869e20cce330ffbeb9271590483882d"
  integrity sha512-FA/BWv8t8ZWJ+gEOnLLd8ygxH/2UFbAvgEonyfN6yWGLKc7zVjbpl2Y4CTjid9h2RfgPP6SEt6uHwEOply00yw==

"@types/yargs@^15.0.0":
  version "15.0.5"
  resolved "https://registry.yarnpkg.com/@types/yargs/-/yargs-15.0.5.tgz#947e9a6561483bdee9adffc983e91a6902af8b79"
  integrity sha512-Dk/IDOPtOgubt/IaevIUbTgV7doaKkoorvOyYM2CMwuDyP89bekI7H4xLIwunNYiK9jhCkmc6pUrJk3cj2AB9w==
  dependencies:
    "@types/yargs-parser" "*"

"@vtex/tsconfig@^0.5.0":
  version "0.5.0"
  resolved "https://registry.yarnpkg.com/@vtex/tsconfig/-/tsconfig-0.5.0.tgz#1314b4cb0c9503ebcae3afd1ec36106dc457cd5c"
  integrity sha512-WDdawn5pzTj22tVod/MhWU+qCnYu4cCKtmEErwPC9TebJ5OGJTxJnFKskAMJgKjIZmAORDZBq3fsvzCcxC1mgg==

ansi-regex@^5.0.0:
  version "5.0.0"
  resolved "https://registry.yarnpkg.com/ansi-regex/-/ansi-regex-5.0.0.tgz#388539f55179bf39339c81af30a654d69f87cb75"
  integrity sha512-bY6fj56OUQ0hU1KjFNDQuJFezqKdrAyFdIevADiqrWHwSlbmBNMHp5ak2f40Pm8JTFyM2mqxkG6ngkHO11f/lg==

ansi-styles@^4.0.0, ansi-styles@^4.1.0:
  version "4.2.1"
  resolved "https://registry.yarnpkg.com/ansi-styles/-/ansi-styles-4.2.1.tgz#90ae75c424d008d2624c5bf29ead3177ebfcf359"
  integrity sha512-9VGjrMsG1vePxcSweQsN20KY/c4zN0h9fLjqAbwbPfahM3t+NL+M9HC8xeXG2I8pX5NoamTGNuomEUFI7fcUjA==
  dependencies:
    "@types/color-name" "^1.1.1"
    color-convert "^2.0.1"

chalk@^3.0.0:
  version "3.0.0"
  resolved "https://registry.yarnpkg.com/chalk/-/chalk-3.0.0.tgz#3f73c2bf526591f574cc492c51e2456349f844e4"
  integrity sha512-4D3B6Wf41KOYRFdszmDqMCGq5VV/uMAB273JILmO+3jAlh8X4qDtdtgCR3fxtbLEMzSx22QdhnDcJvu2u1fVwg==
  dependencies:
    ansi-styles "^4.1.0"
    supports-color "^7.1.0"

color-convert@^2.0.1:
  version "2.0.1"
  resolved "https://registry.yarnpkg.com/color-convert/-/color-convert-2.0.1.tgz#72d3a68d598c9bdb3af2ad1e84f21d896abd4de3"
  integrity sha512-RRECPsj7iu/xb5oKYcsFHSppFNnsj/52OVTRKb4zP5onXwVF3zVmmToNcOfGC+CRDpfK/U584fMg38ZHCaElKQ==
  dependencies:
    color-name "~1.1.4"

color-name@~1.1.4:
  version "1.1.4"
  resolved "https://registry.yarnpkg.com/color-name/-/color-name-1.1.4.tgz#c2a09a87acbde69543de6f63fa3995c826c536a2"
  integrity sha512-dOy+3AuW3a2wNbZHIuMZpTcgjGuLU/uBL/ubcZF9OXbDo8ff4O8yVp5Bf0efS8uEoYo5q4Fx7dY9OgQGXgAsQA==

csstype@^3.0.2:
  version "3.0.2"
  resolved "https://registry.yarnpkg.com/csstype/-/csstype-3.0.2.tgz#ee5ff8f208c8cd613b389f7b222c9801ca62b3f7"
  integrity sha512-ofovWglpqoqbfLNOTBNZLSbMuGrblAf1efvvArGKOZMBrIoJeu5UsAipQolkijtyQx5MtAzT/J9IHj/CEY1mJw==

diff-sequences@^25.2.6:
  version "25.2.6"
  resolved "https://registry.yarnpkg.com/diff-sequences/-/diff-sequences-25.2.6.tgz#5f467c00edd35352b7bca46d7927d60e687a76dd"
  integrity sha512-Hq8o7+6GaZeoFjtpgvRBUknSXNeJiCx7V9Fr94ZMljNiCr9n9L8H8aJqgWOQiDDGdyn29fRNcDdRVJ5fdyihfg==

graphql@*:
  version "15.3.0"
  resolved "https://registry.yarnpkg.com/graphql/-/graphql-15.3.0.tgz#3ad2b0caab0d110e3be4a5a9b2aa281e362b5278"
  integrity sha512-GTCJtzJmkFLWRfFJuoo9RWWa/FfamUHgiFosxi/X1Ani4AVWbeyBenZTNX6dM+7WSbbFfTo/25eh0LLkwHMw2w==

has-flag@^4.0.0:
  version "4.0.0"
  resolved "https://registry.yarnpkg.com/has-flag/-/has-flag-4.0.0.tgz#944771fd9c81c81265c4d6941860da06bb59479b"
  integrity sha512-EykJT/Q1KjTWctppgIAgfSO0tKVuZUjhgMr17kqTumMl6Afv3EISleU7qZUzoXDFTAHTDC4NOoG/ZxU3EvlMPQ==

jest-diff@^25.2.1:
  version "25.5.0"
  resolved "https://registry.yarnpkg.com/jest-diff/-/jest-diff-25.5.0.tgz#1dd26ed64f96667c068cef026b677dfa01afcfa9"
  integrity sha512-z1kygetuPiREYdNIumRpAHY6RXiGmp70YHptjdaxTWGmA085W3iCnXNx0DhflK3vwrKmrRWyY1wUpkPMVxMK7A==
  dependencies:
    chalk "^3.0.0"
    diff-sequences "^25.2.6"
    jest-get-type "^25.2.6"
    pretty-format "^25.5.0"

jest-get-type@^25.2.6:
  version "25.2.6"
  resolved "https://registry.yarnpkg.com/jest-get-type/-/jest-get-type-25.2.6.tgz#0b0a32fab8908b44d508be81681487dbabb8d877"
  integrity sha512-DxjtyzOHjObRM+sM1knti6or+eOgcGU4xVSb2HNP1TqO4ahsT+rqZg+nyqHWJSvWgKC5cG3QjGFBqxLghiF/Ig==

"js-tokens@^3.0.0 || ^4.0.0":
  version "4.0.0"
  resolved "https://registry.yarnpkg.com/js-tokens/-/js-tokens-4.0.0.tgz#19203fb59991df98e3a287050d4647cdeaf32499"
  integrity sha512-RdJUflcE3cUzKiMqQgsCu06FPu9UdIJO0beYbPhHN4k6apgJtifcoCtT9bcxOpYBtpD2kCM6Sbzg4CausW/PKQ==

loose-envify@^1.1.0, loose-envify@^1.4.0:
  version "1.4.0"
  resolved "https://registry.yarnpkg.com/loose-envify/-/loose-envify-1.4.0.tgz#71ee51fa7be4caec1a63839f7e682d8132d30caf"
  integrity sha512-lyuxPGr/Wfhrlem2CL/UcnUc1zcqKAImBDzukY7Y5F/yQiNdko6+fRLevlw1HgMySw7f611UIY408EtxRSoK3Q==
  dependencies:
    js-tokens "^3.0.0 || ^4.0.0"

object-assign@^4.1.1:
  version "4.1.1"
  resolved "https://registry.yarnpkg.com/object-assign/-/object-assign-4.1.1.tgz#2109adc7965887cfc05cbbd442cac8bfbb360863"
  integrity sha1-IQmtx5ZYh8/AXLvUQsrIv7s2CGM=

pretty-format@^25.2.1, pretty-format@^25.5.0:
  version "25.5.0"
  resolved "https://registry.yarnpkg.com/pretty-format/-/pretty-format-25.5.0.tgz#7873c1d774f682c34b8d48b6743a2bf2ac55791a"
  integrity sha512-kbo/kq2LQ/A/is0PQwsEHM7Ca6//bGPPvU6UnsdDRSKTWxT/ru/xb88v4BJf6a69H+uTytOEsTusT9ksd/1iWQ==
  dependencies:
    "@jest/types" "^25.5.0"
    ansi-regex "^5.0.0"
    ansi-styles "^4.0.0"
    react-is "^16.12.0"

prop-types@^15.6.2:
  version "15.7.2"
  resolved "https://registry.yarnpkg.com/prop-types/-/prop-types-15.7.2.tgz#52c41e75b8c87e72b9d9360e0206b99dcbffa6c5"
  integrity sha512-8QQikdH7//R2vurIJSutZ1smHYTcLpRWEOlHnzcWHmBYrOGUysKwSsrC89BCiFj3CbrfJ/nXFdJepOVrY1GCHQ==
  dependencies:
    loose-envify "^1.4.0"
    object-assign "^4.1.1"
    react-is "^16.8.1"

react-is@^16.12.0, react-is@^16.8.1:
  version "16.13.1"
  resolved "https://registry.yarnpkg.com/react-is/-/react-is-16.13.1.tgz#789729a4dc36de2999dc156dd6c1d9c18cea56a4"
  integrity sha512-24e6ynE2H+OKt4kqsOvNd8kBpV65zoxbA4BVsEOB3ARVWQki/DHzaUoC5KuON/BiccDaCCTZBuOcfZs70kR8bQ==

react@^16.13.1:
  version "16.13.1"
  resolved "https://registry.yarnpkg.com/react/-/react-16.13.1.tgz#2e818822f1a9743122c063d6410d85c1e3afe48e"
  integrity sha512-YMZQQq32xHLX0bz5Mnibv1/LHb3Sqzngu7xstSM+vrkE5Kzr9xE0yMByK5kMoTK30YVJE61WfbxIFFvfeDKT1w==
  dependencies:
    loose-envify "^1.1.0"
    object-assign "^4.1.1"
    prop-types "^15.6.2"

supports-color@^7.1.0:
  version "7.1.0"
  resolved "https://registry.yarnpkg.com/supports-color/-/supports-color-7.1.0.tgz#68e32591df73e25ad1c4b49108a2ec507962bfd1"
  integrity sha512-oRSIpR8pxT1Wr2FquTNnGet79b3BWljqOuoW/h4oBhxJ/HUbX5nX6JSruTkvXDCFMwDPvsaTTbvMLKZWSy0R5g==
  dependencies:
    has-flag "^4.0.0"

typescript@^3.9.7:
  version "3.9.7"
  resolved "https://registry.yarnpkg.com/typescript/-/typescript-3.9.7.tgz#98d600a5ebdc38f40cb277522f12dc800e9e25fa"
  integrity sha512-BLbiRkiBzAwsjut4x/dsibSTB6yWpwT5qWmC2OfuCg3GgVQCSgMs4vEctYPhsaGtd0AeuuHMkjZ2h2WG8MSzRw==

"vtex.add-to-cart-button@http://vtex.vtexassets.com/_v/public/typings/v1/vtex.add-to-cart-button@0.13.5/public/@types/vtex.add-to-cart-button":
  version "0.13.5"
  resolved "http://vtex.vtexassets.com/_v/public/typings/v1/vtex.add-to-cart-button@0.13.5/public/@types/vtex.add-to-cart-button#bf978dbe105da2b323e682393864723317eccd1d"

"vtex.breadcrumb@http://vtex.vtexassets.com/_v/public/typings/v1/vtex.breadcrumb@1.9.0/public/@types/vtex.breadcrumb":
  version "1.9.0"
  resolved "http://vtex.vtexassets.com/_v/public/typings/v1/vtex.breadcrumb@1.9.0/public/@types/vtex.breadcrumb#f77ae67745b1c862f40e781c8416e69239c8f06f"

"vtex.carousel@http://vtex.vtexassets.com/_v/public/typings/v1/vtex.carousel@2.12.1/public/@types/vtex.carousel":
  version "2.12.1"
  resolved "http://vtex.vtexassets.com/_v/public/typings/v1/vtex.carousel@2.12.1/public/@types/vtex.carousel#f99139a9d22227fa239192a058defd13f8cc50be"

"vtex.checkout-summary@http://vtex.vtexassets.com/_v/public/typings/v1/vtex.checkout-summary@0.16.0/public/@types/vtex.checkout-summary":
  version "0.16.0"
  resolved "http://vtex.vtexassets.com/_v/public/typings/v1/vtex.checkout-summary@0.16.0/public/@types/vtex.checkout-summary#54dc38ce378a55418e4892040ca54a8edf8ffd10"

"vtex.flex-layout@http://vtex.vtexassets.com/_v/public/typings/v1/vtex.flex-layout@0.15.0/public/@types/vtex.flex-layout":
  version "0.15.0"
  resolved "http://vtex.vtexassets.com/_v/public/typings/v1/vtex.flex-layout@0.15.0/public/@types/vtex.flex-layout#3296ce5096fedabb5d899d4a6d2da51811b97528"

"vtex.locale-switcher@http://vtex.vtexassets.com/_v/public/typings/v1/vtex.locale-switcher@0.5.5/public/@types/vtex.locale-switcher":
  version "0.5.5"
  resolved "http://vtex.vtexassets.com/_v/public/typings/v1/vtex.locale-switcher@0.5.5/public/@types/vtex.locale-switcher#c07555ef8aef2e6b635a4c6b5f7b421930e1eda6"

"vtex.login@http://vtex.vtexassets.com/_v/public/typings/v1/vtex.login@2.36.0/public/_types/react":
  version "0.0.0"
  resolved "http://vtex.vtexassets.com/_v/public/typings/v1/vtex.login@2.36.0/public/_types/react#fa7a0347e046eab3dd768998fc9252b2c0dd5aef"

"vtex.menu@http://vtex.vtexassets.com/_v/public/typings/v1/vtex.menu@2.25.0/public/@types/vtex.menu":
  version "2.25.0"
  resolved "http://vtex.vtexassets.com/_v/public/typings/v1/vtex.menu@2.25.0/public/@types/vtex.menu#cab220bbc9a8186a70bcb0b091d2476b35c1179f"

"vtex.minicart@http://vtex.vtexassets.com/_v/public/typings/v1/vtex.minicart@2.50.0/public/@types/vtex.minicart":
  version "2.50.0"
  resolved "http://vtex.vtexassets.com/_v/public/typings/v1/vtex.minicart@2.50.0/public/@types/vtex.minicart#f945af6c43f2eecbf2c128ebd07ceb4a464f4655"

"vtex.modal-layout@http://vtex.vtexassets.com/_v/public/typings/v1/vtex.modal-layout@0.6.1/public/@types/vtex.modal-layout":
  version "0.6.1"
  resolved "http://vtex.vtexassets.com/_v/public/typings/v1/vtex.modal-layout@0.6.1/public/@types/vtex.modal-layout#ead66226162ff42903dab3b54bc4f38f43e7c67c"

"vtex.my-account@http://vtex.vtexassets.com/_v/public/typings/v1/vtex.my-account@1.17.0/public/@types/vtex.my-account":
  version "1.17.0"
  resolved "http://vtex.vtexassets.com/_v/public/typings/v1/vtex.my-account@1.17.0/public/@types/vtex.my-account#792f6c94d29b80c854446e85a199042bd3153211"

"vtex.order-placed@http://vtex.vtexassets.com/_v/public/typings/v1/vtex.order-placed@1.7.3/public/@types/vtex.order-placed":
  version "1.7.3"
  resolved "http://vtex.vtexassets.com/_v/public/typings/v1/vtex.order-placed@1.7.3/public/@types/vtex.order-placed#b8c941892364eea7bea3874236bc588fd3dbb683"

"vtex.product-bookmark-interfaces@http://vtex.vtexassets.com/_v/public/typings/v1/vtex.product-bookmark-interfaces@1.0.1/public/@types/vtex.product-bookmark-interfaces":
  version "1.0.1"
  resolved "http://vtex.vtexassets.com/_v/public/typings/v1/vtex.product-bookmark-interfaces@1.0.1/public/@types/vtex.product-bookmark-interfaces#2c26815e4afa45b2e254a23e5abb356424bb09e7"

"vtex.product-customizer@http://vtex.vtexassets.com/_v/public/typings/v1/vtex.product-customizer@2.8.3/public/@types/vtex.product-customizer":
  version "2.8.3"
  resolved "http://vtex.vtexassets.com/_v/public/typings/v1/vtex.product-customizer@2.8.3/public/@types/vtex.product-customizer#d819a2bfde402790a6788d7594ca552ab2e24a50"

"vtex.product-details@http://vtex.vtexassets.com/_v/public/typings/v1/vtex.product-details@1.19.10/public/_types/react":
  version "0.0.0"
  resolved "http://vtex.vtexassets.com/_v/public/typings/v1/vtex.product-details@1.19.10/public/_types/react#fa7a0347e046eab3dd768998fc9252b2c0dd5aef"

"vtex.product-gifts@http://vtex.vtexassets.com/_v/public/typings/v1/vtex.product-gifts@0.2.1/public/@types/vtex.product-gifts":
  version "0.2.1"
  resolved "http://vtex.vtexassets.com/_v/public/typings/v1/vtex.product-gifts@0.2.1/public/@types/vtex.product-gifts#4ed40e9ed78fab632d8792895e7cbb934449b459"

"vtex.product-identifier@http://vtex.vtexassets.com/_v/public/typings/v1/vtex.product-identifier@0.1.2/public/@types/vtex.product-identifier":
  version "0.1.2"
  resolved "http://vtex.vtexassets.com/_v/public/typings/v1/vtex.product-identifier@0.1.2/public/@types/vtex.product-identifier#e5f249136a1e1d54eae5f5c2bf512144a0f67477"

"vtex.product-kit@http://vtex.vtexassets.com/_v/public/typings/v1/vtex.product-kit@1.10.1/public/_types/react":
  version "0.0.0"
  resolved "http://vtex.vtexassets.com/_v/public/typings/v1/vtex.product-kit@1.10.1/public/_types/react#fa7a0347e046eab3dd768998fc9252b2c0dd5aef"

"vtex.product-list@http://vtex.vtexassets.com/_v/public/typings/v1/vtex.product-list@0.21.0/public/@types/vtex.product-list":
  version "0.21.0"
  resolved "http://vtex.vtexassets.com/_v/public/typings/v1/vtex.product-list@0.21.0/public/@types/vtex.product-list#4afc1bb91082204c93f1f810e7e1f31651b207f0"

"vtex.product-price@http://vtex.vtexassets.com/_v/public/typings/v1/vtex.product-price@1.5.3/public/@types/vtex.product-price":
  version "1.5.3"
  resolved "http://vtex.vtexassets.com/_v/public/typings/v1/vtex.product-price@1.5.3/public/@types/vtex.product-price#23a4dc26dd4055f8cdef64a66bae747f3af33c94"

"vtex.product-quantity@http://vtex.vtexassets.com/_v/public/typings/v1/vtex.product-quantity@1.4.1/public/@types/vtex.product-quantity":
  version "1.4.1"
  resolved "http://vtex.vtexassets.com/_v/public/typings/v1/vtex.product-quantity@1.4.1/public/@types/vtex.product-quantity#76166673a361ae6cda95aa5fa6068db56c16c78b"

"vtex.product-review-interfaces@http://vtex.vtexassets.com/_v/public/typings/v1/vtex.product-review-interfaces@1.0.2/public/_types/react":
  version "1.0.2"
  resolved "http://vtex.vtexassets.com/_v/public/typings/v1/vtex.product-review-interfaces@1.0.2/public/_types/react#84d1997cdae079d1401611f3d4a4619ed914673f"

"vtex.product-specification-badges@http://vtex.vtexassets.com/_v/public/typings/v1/vtex.product-specification-badges@0.1.2/public/@types/vtex.product-specification-badges":
  version "0.1.2"
  resolved "http://vtex.vtexassets.com/_v/public/typings/v1/vtex.product-specification-badges@0.1.2/public/@types/vtex.product-specification-badges#5bf4e90216e7d9a6c2205d7c00ee8ef4da1ddb52"

"vtex.product-specifications@https://virtual2--storecomponents.myvtex.com/_v/private/typings/linked/v1/vtex.product-specifications@0.0.0+build1597436138/public/@types/vtex.product-specifications":
  version "0.0.0"
  resolved "https://virtual2--storecomponents.myvtex.com/_v/private/typings/linked/v1/vtex.product-specifications@0.0.0+build1597436138/public/@types/vtex.product-specifications#f52e3f7efac0d28a86cbf90c72d07b0e675ef433"

"vtex.product-summary@http://vtex.vtexassets.com/_v/public/typings/v1/vtex.product-summary@2.58.3/public/_types/react":
  version "0.0.0"
  resolved "http://vtex.vtexassets.com/_v/public/typings/v1/vtex.product-summary@2.58.3/public/_types/react#fa7a0347e046eab3dd768998fc9252b2c0dd5aef"

"vtex.render-runtime@http://vtex.vtexassets.com/_v/public/typings/v1/vtex.render-runtime@8.111.1/public/@types/vtex.render-runtime":
  version "8.111.1"
  resolved "http://vtex.vtexassets.com/_v/public/typings/v1/vtex.render-runtime@8.111.1/public/@types/vtex.render-runtime#1bd9d36d074f1991a3dc6fa14ea193dea2c03ad0"

"vtex.reviews-and-ratings@http://vtex.vtexassets.com/_v/public/typings/v1/vtex.reviews-and-ratings@1.6.2/public/@types/vtex.reviews-and-ratings":
  version "1.6.2"
  resolved "http://vtex.vtexassets.com/_v/public/typings/v1/vtex.reviews-and-ratings@1.6.2/public/@types/vtex.reviews-and-ratings#68f4238c452397b82316e392f2f6b02613f75d3e"

"vtex.rich-text@http://vtex.vtexassets.com/_v/public/typings/v1/vtex.rich-text@0.10.1/public/@types/vtex.rich-text":
  version "0.10.1"
  resolved "http://vtex.vtexassets.com/_v/public/typings/v1/vtex.rich-text@0.10.1/public/@types/vtex.rich-text#71018851899c0f64b989304dc4971da42a026c57"

"vtex.search-result@http://vtex.vtexassets.com/_v/public/typings/v1/vtex.search-result@3.69.0/public/_types/react":
  version "0.0.0"
  resolved "http://vtex.vtexassets.com/_v/public/typings/v1/vtex.search-result@3.69.0/public/_types/react#fa7a0347e046eab3dd768998fc9252b2c0dd5aef"

"vtex.shelf@http://vtex.vtexassets.com/_v/public/typings/v1/vtex.shelf@1.41.1/public/_types/react":
  version "0.0.0"
  resolved "http://vtex.vtexassets.com/_v/public/typings/v1/vtex.shelf@1.41.1/public/_types/react#fa7a0347e046eab3dd768998fc9252b2c0dd5aef"

"vtex.slider-layout@http://vtex.vtexassets.com/_v/public/typings/v1/vtex.slider-layout@0.13.1/public/@types/vtex.slider-layout":
  version "0.13.1"
  resolved "http://vtex.vtexassets.com/_v/public/typings/v1/vtex.slider-layout@0.13.1/public/@types/vtex.slider-layout#e0c04cd70e4daed52a069babe1c977ec574dde79"

"vtex.slider@http://vtex.vtexassets.com/_v/public/typings/v1/vtex.slider@0.8.1/public/_types/react":
  version "0.0.0"
  resolved "http://vtex.vtexassets.com/_v/public/typings/v1/vtex.slider@0.8.1/public/_types/react#fa7a0347e046eab3dd768998fc9252b2c0dd5aef"

"vtex.stack-layout@http://vtex.vtexassets.com/_v/public/typings/v1/vtex.stack-layout@0.1.0/public/@types/vtex.stack-layout":
  version "0.1.0"
  resolved "http://vtex.vtexassets.com/_v/public/typings/v1/vtex.stack-layout@0.1.0/public/@types/vtex.stack-layout#79bcd9f70b4b6926b85686be14879a3b90d52c63"

"vtex.sticky-layout@http://vtex.vtexassets.com/_v/public/typings/v1/vtex.sticky-layout@0.3.4/public/@types/vtex.sticky-layout":
  version "0.3.4"
  resolved "http://vtex.vtexassets.com/_v/public/typings/v1/vtex.sticky-layout@0.3.4/public/@types/vtex.sticky-layout#5b786d6f9ab0a40e4997c955a75885eee32515ef"

"vtex.store-components@http://vtex.vtexassets.com/_v/public/typings/v1/vtex.store-components@3.123.3/public/_types/react":
  version "0.0.0"
  resolved "http://vtex.vtexassets.com/_v/public/typings/v1/vtex.store-components@3.123.3/public/_types/react#fa7a0347e046eab3dd768998fc9252b2c0dd5aef"

"vtex.store-drawer@http://vtex.vtexassets.com/_v/public/typings/v1/vtex.store-drawer@0.13.0/public/@types/vtex.store-drawer":
  version "0.13.0"
  resolved "http://vtex.vtexassets.com/_v/public/typings/v1/vtex.store-drawer@0.13.0/public/@types/vtex.store-drawer#ecbaa30903db7a024079cb0768d82f4e1f412724"

"vtex.store-footer@http://vtex.vtexassets.com/_v/public/typings/v1/vtex.store-footer@2.20.1/public/@types/vtex.store-footer":
  version "2.20.1"
  resolved "http://vtex.vtexassets.com/_v/public/typings/v1/vtex.store-footer@2.20.1/public/@types/vtex.store-footer#bfbbc163056efea6853b2b1c0649f7b00c6d9ee1"

"vtex.store-header@http://vtex.vtexassets.com/_v/public/typings/v1/vtex.store-header@2.25.5/public/_types/react":
  version "0.0.0"
  resolved "http://vtex.vtexassets.com/_v/public/typings/v1/vtex.store-header@2.25.5/public/_types/react#fa7a0347e046eab3dd768998fc9252b2c0dd5aef"

"vtex.store-icons@http://vtex.vtexassets.com/_v/public/typings/v1/vtex.store-icons@0.17.0/public/@types/vtex.store-icons":
  version "0.17.0"
  resolved "http://vtex.vtexassets.com/_v/public/typings/v1/vtex.store-icons@0.17.0/public/@types/vtex.store-icons#1da7ec2f89522d8c5ed3418fec8fbc82817499db"

"vtex.store-image@http://vtex.vtexassets.com/_v/public/typings/v1/vtex.store-image@0.5.0/public/@types/vtex.store-image":
  version "0.5.0"
  resolved "http://vtex.vtexassets.com/_v/public/typings/v1/vtex.store-image@0.5.0/public/@types/vtex.store-image#2b129b3601c54c2f0b40d3e32be0596c767d8b00"

"vtex.store-link@http://vtex.vtexassets.com/_v/public/typings/v1/vtex.store-link@0.6.2/public/@types/vtex.store-link":
  version "0.6.2"
  resolved "http://vtex.vtexassets.com/_v/public/typings/v1/vtex.store-link@0.6.2/public/@types/vtex.store-link#51a5d6f4b9587e85d472b1483b076bd3fdf682b6"

"vtex.store@http://vtex.vtexassets.com/_v/public/typings/v1/vtex.store@2.101.0/public/@types/vtex.store":
  version "2.101.0"
  resolved "http://vtex.vtexassets.com/_v/public/typings/v1/vtex.store@2.101.0/public/@types/vtex.store#3d07258e8c25e6b0662c7cef2560fe197b4a4b15"

"vtex.styleguide@http://vtex.vtexassets.com/_v/public/typings/v1/vtex.styleguide@9.127.0/public/@types/vtex.styleguide":
  version "9.127.0"
  resolved "http://vtex.vtexassets.com/_v/public/typings/v1/vtex.styleguide@9.127.0/public/@types/vtex.styleguide#87029c5b7325c56e5461601132299261c1452a35"

"vtex.telemarketing@http://vtex.vtexassets.com/_v/public/typings/v1/vtex.telemarketing@2.10.2/public/@types/vtex.telemarketing":
  version "2.10.2"
  resolved "http://vtex.vtexassets.com/_v/public/typings/v1/vtex.telemarketing@2.10.2/public/@types/vtex.telemarketing#618f97a1cc0af09b5809cf2f4561cc19b9189cef"
